
Microsoft Visual Studio Solution File, Format Version 12.00
# Visual Studio Version 17
VisualStudioVersion = 17.14.36109.1 d17.14
MinimumVisualStudioVersion = 10.0.40219.1
Project("{FAE04EC0-301F-11D3-BF4B-00C04F79EFBC}") = "ApiClase", "ApiClase.csproj", "{D04F7BFA-0713-4839-93C9-26D1C0635413}"
EndProject
Global
	GlobalSection(SolutionConfigurationPlatforms) = preSolution
		Debug|Any CPU = Debug|Any CPU
		Release|Any CPU = Release|Any CPU
	EndGlobalSection
	GlobalSection(ProjectConfigurationPlatforms) = postSolution
		{D04F7BFA-0713-4839-93C9-26D1C0635413}.Debug|Any CPU.ActiveCfg = Debug|Any CPU
		{D04F7BFA-0713-4839-93C9-26D1C0635413}.Debug|Any CPU.Build.0 = Debug|Any CPU
		{D04F7BFA-0713-4839-93C9-26D1C0635413}.Release|Any CPU.ActiveCfg = Release|Any CPU
		{D04F7BFA-0713-4839-93C9-26D1C0635413}.Release|Any CPU.Build.0 = Release|Any CPU
	EndGlobalSection
	GlobalSection(SolutionProperties) = preSolution
		HideSolutionNode = FALSE
	EndGlobalSection
	GlobalSection(ExtensibilityGlobals) = postSolution
		SolutionGuid = {83DD6E3C-6564-4B74-B350-7A84FC9B4E2E}
	EndGlobalSection
EndGlobal
